
Microsoft Visual Studio Solution File, Format Version 12.00
# Visual Studio Version 17
VisualStudioVersion = 17.11.35201.85
MinimumVisualStudioVersion = 10.0.40219.1
Project("{9A19103F-16F7-4668-BE54-9A1E7A4F7556}") = "Tracker.Core.Api", "Tracker.Core.Api\Tracker.Core.Api.csproj", "{4D4DB1CD-AAC5-4B1A-A44C-4827571E66FD}"
EndProject
Project("{FAE04EC0-301F-11D3-BF4B-00C04F79EFBC}") = "Tracker.Core.Infrastructure", "Tracker.Core.Infrastructure\Tracker.Core.Infrastructure.csproj", "{7D3128BD-EF3B-4B33-A309-6B5313DE99BB}"
EndProject
Global
	GlobalSection(SolutionConfigurationPlatforms) = preSolution
		Debug|Any CPU = Debug|Any CPU
		Release|Any CPU = Release|Any CPU
	EndGlobalSection
	GlobalSection(ProjectConfigurationPlatforms) = postSolution
		{4D4DB1CD-AAC5-4B1A-A44C-4827571E66FD}.Debug|Any CPU.ActiveCfg = Debug|Any CPU
		{4D4DB1CD-AAC5-4B1A-A44C-4827571E66FD}.Debug|Any CPU.Build.0 = Debug|Any CPU
		{4D4DB1CD-AAC5-4B1A-A44C-4827571E66FD}.Release|Any CPU.ActiveCfg = Release|Any CPU
		{4D4DB1CD-AAC5-4B1A-A44C-4827571E66FD}.Release|Any CPU.Build.0 = Release|Any CPU
		{7D3128BD-EF3B-4B33-A309-6B5313DE99BB}.Debug|Any CPU.ActiveCfg = Debug|Any CPU
		{7D3128BD-EF3B-4B33-A309-6B5313DE99BB}.Debug|Any CPU.Build.0 = Debug|Any CPU
		{7D3128BD-EF3B-4B33-A309-6B5313DE99BB}.Release|Any CPU.ActiveCfg = Release|Any CPU
		{7D3128BD-EF3B-4B33-A309-6B5313DE99BB}.Release|Any CPU.Build.0 = Release|Any CPU
	EndGlobalSection
	GlobalSection(SolutionProperties) = preSolution
		HideSolutionNode = FALSE
	EndGlobalSection
	GlobalSection(ExtensibilityGlobals) = postSolution
		SolutionGuid = {5BB31895-4878-4DB9-8DF7-63B239722F7E}
	EndGlobalSection
EndGlobal
